PODS:
  - Flutter (1.0.0)
  - location (0.0.1):
    - Flutter

DEPENDENCIES:
  - Flutter (from `/Users/guillaume/Developer/flutter/bin/cache/artifacts/engine/ios`)
  - location (from `/Users/guillaume/Developer/IdeaProject/location/ios`)

EXTERNAL SOURCES:
  Flutter:
    :path: "/Users/guillaume/Developer/flutter/bin/cache/artifacts/engine/ios"
  location:
    :path: "/Users/guillaume/Developer/IdeaProject/location/ios"

SPEC CHECKSUMS:
  Flutter: 9d0fac939486c9aba2809b7982dfdbb47a7b0296
  location: 26c90953ad5916331d0d1d913898779910416487

PODFILE CHECKSUM: cc70c01bca487bebd110b87397f017f3b76a89f1

COCOAPODS: 1.5.0
